version = 1
revision = 3
requires-python = "==3.14.*"
resolution-markers = [
    "sys_platform == 'win32'",
    "sys_platform == 'emscripten'",
    "sys_platform != 'emscripten' and sys_platform != 'win32'",
]

[[package]]
name = "bus-lot-optimization"
version = "0.1.0"
source = { editable = "." }
dependencies = [
    { name = "geopandas" },
    { name = "numpy" },
    { name = "pandas" },
    { name = "pyarrow" },
    { name = "pyogrio" },
]

[package.dev-dependencies]
dev = [
    { name = "pytest" },
]

[package.metadata]
requires-dist = [
    { name = "geopandas", specifier = ">=1.1" },
    { name = "numpy", specifier = ">=2.3" },
    { name = "pandas", specifier = ">=3.0" },
    { name = "pyarrow", specifier = ">=23.0" },
    { name = "pyogrio", specifier = ">=0.12" },
]

[package.metadata.requires-dev]
dev = [{ name = "pytest", specifier = ">=9.0" }]

[[package]]
name = "certifi"
version = "2026.7.22"
source = { registry = "https://pypi.org/simple" }
sdist = { url = "https://files.pythonhosted.org/packages/a3/c2/24167ea9858356b47a87a50d39908bfdb72ceeefe0041586e704e5376b3a/certifi-2026.7.22.tar.gz", hash = "sha256:741e2c3b351ddf169a738da9f2c048608ff7f2c5cc02f1ebc6b118bb090d5d55", size = 138112, upload-time = "2026-07-22T03:35:12.644Z" }
wheels = [
    { url = "https://files.pythonhosted.org/packages/0b/a7/71ac2cff56fec219ed242bb11b8efb69fcc4bec75db06fb7bfe35de520e6/certifi-2026.7.22-py3-none-any.whl", hash = "sha256:62f22742b58a1a33014a2b6b706588a8d7e2a88ae7bd1a6ebe8c992928483775", size = 136983, upload-time = "2026-07-22T03:35:11.276Z" },
]

[[package]]
name = "colorama"
version = "0.4.6"
source = { registry = "https://pypi.org/simple" }
sdist = { url = "https://files.pythonhosted.org/packages/d8/53/6f443c9a4a8358a93a6792e2acffb9d9d5cb0a5cfd8802644b7b1c9a02e4/colorama-0.4.6.tar.gz", hash = "sha256:08695f5cb7ed6e0531a20572697297273c47b8cae5a63ffc6d6ed5c201be6e44", size = 27697, upload-time = "2022-10-25T02:36:22.414Z" }
wheels = [
    { url = "https://files.pythonhosted.org/packages/d1/d6/3965ed04c63042e047cb6a3e6ed1a63a35087b6a609aa3a15ed8ac56c221/colorama-0.4.6-py2.py3-none-any.whl", hash = "sha256:4f1d9991f5acc0ca119f9d443620b77f9d6b33703e51011c16baf57afb285fc6", size = 25335, upload-time = "2022-10-25T02:36:20.889Z" },
]

[[package]]
name = "geopandas"
version = "1.1.4"
source = { registry = "https://pypi.org/simple" }
dependencies = [
    { name = "numpy" },
    { name = "packaging" },
    { name = "pandas" },
    { name = "pyogrio" },
    { name = "pyproj" },
    { name = "shapely" },
]
sdist = { url = "https://files.pythonhosted.org/packages/39/a9/0478b74a33aea66827c10baaf6025cb2a17e44b1c117533eecd3e977bb75/geopandas-1.1.4.tar.gz", hash = "sha256:06f2890a07e1a239047daa14b486a7c6ae5ce82dcf7405e13c46bf31f5d0dd66", size = 337445, upload-time = "2026-06-26T17:23:54.497Z" }
wheels = [
    { url = "https://files.pythonhosted.org/packages/59/a8/bd530cc264e62ddbc1d1bb7225823992e6f2432c664693e9281bb6b9c359/geopandas-1.1.4-py3-none-any.whl", hash = "sha256:1a0c459cbdb1537cd154dafe6174be20d1760844b7f1c967dc8520b180f2e773", size = 343292, upload-time = "2026-06-26T17:23:53.112Z" },
]

[[package]]
name = "iniconfig"
version = "2.3.0"
source = { registry = "https://pypi.org/simple" }
sdist = { url = "https://files.pythonhosted.org/packages/72/34/14ca021ce8e5dfedc35312d08ba8bf51fdd999c576889fc2c24cb97f4f10/iniconfig-2.3.0.tar.gz", hash = "sha256:c76315c77db068650d49c5b56314774a7804df16fee4402c1f19d6d15d8c4730", size = 20503, upload-time = "2025-10-18T21:55:43.219Z" }
wheels = [
    { url = "https://files.pythonhosted.org/packages/cb/b1/3846dd7f199d53cb17f49cba7e651e9ce294d8497c8c150530ed11865bb8/iniconfig-2.3.0-py3-none-any.whl", hash = "sha256:f631c04d2c48c52b84d0d0549c99ff3859c98df65b3101406327ecc7d53fbf12", size = 7484, upload-time = "2025-10-18T21:55:41.639Z" },
]

[[package]]
name = "numpy"
version = "2.5.2"
source = { registry = "https://pypi.org/simple" }
sdist = { url = "https://files.pythonhosted.org/packages/9a/80/db0b4559e57ec36362bedbb05530a87fafbcb6067708c946967a41d449e7/numpy-2.5.2.tar.gz", hash = "sha256:d482d171c406ae88c5b19cad3b6a1c4c5209f886ab74bc44c2c865c23f52d860", size = 20773161, upload-time = "2026-08-09T13:48:27.962Z" }
wheels = [
    { url = "https://files.pythonhosted.org/packages/ac/f8/c3b222bf075b50afd8e949a07a15c4b312a4a84bd8102a332bcd953cbbb4/numpy-2.5.2-cp314-cp314-macosx_10_15_x86_64.whl", hash = "sha256:d787cf769c3baeb5f6235e778edb52c08dfa923789b5958f28e6450f96107cb1", size = 16885180, upload-time = "2026-08-09T13:46:03.939Z" },
    { url = "https://files.pythonhosted.org/packages/17/e1/2c1d4b1987795a92b5bbf7c24fe249ab96aa2573ab0d7604802c189d7b86/numpy-2.5.2-cp314-cp314-macosx_11_0_arm64.whl", hash = "sha256:24b9dc2e3d84aa58523798805194e23e736f3f6ce2d1a5b92583ae734e6dbda8", size = 11907878, upload-time = "2026-08-09T13:46:07.045Z" },
    { url = "https://files.pythonhosted.org/packages/b9/ee/d08226fc858044355983a6e5b94f08ff6f3969e0a2b160a4a89f0ddb3445/numpy-2.5.2-cp314-cp314-macosx_14_0_arm64.whl", hash = "sha256:9e9413326d726c2545bfa65d2c0876871e8d8386e77f992c1d426e180bbd4323", size = 5354922, upload-time = "2026-08-09T13:46:10.04Z" },
    { url = "https://files.pythonhosted.org/packages/94/f0/6d3d933056440ebbc5e6bad92065fc6c26a48a84a36b1208580e94eea76c/numpy-2.5.2-cp314-cp314-macosx_14_0_x86_64.whl", hash = "sha256:60e902ac295855348a5ca2ea4c89108989a9f5fddfad3dfc0a8f36b10358567e", size = 6679168, upload-time = "2026-08-09T13:46:12.275Z" },
    { url = "https://files.pythonhosted.org/packages/c4/3b/ecd49dd90033cceb2704d88ca905d4d7d89b0e8c739608754ffd325fa820/numpy-2.5.2-cp314-cp314-manylinux_2_27_aarch64.manylinux_2_28_aarch64.whl", hash = "sha256:50e500dc868e9313530ce12ba470fe50ff3afe3d62993ed6eff652dacd555b65", size = 15624501, upload-time = "2026-08-09T13:46:15.322Z" },
    { url = "https://files.pythonhosted.org/packages/c7/99/461bd36dbdfac6c1c53efa370bd55a83227542d0d118f1677dbf1a3dacd5/numpy-2.5.2-cp314-cp314-manylinux_2_27_x86_64.manylinux_2_28_x86_64.whl", hash = "sha256:318b9a4c845dbea06708a29c84ee429cc3065048db34cdb799047643492050ee", size = 16713701, upload-time = "2026-08-09T13:46:18.949Z" },
    { url = "https://files.pythonhosted.org/packages/f9/9c/2b251df9e8a5d647b62b0cbc1b90a91850c1cf4859ecb532fd0b4eacff6c/numpy-2.5.2-cp314-cp314-musllinux_1_2_aarch64.whl", hash = "sha256:34c319e2963be042673fb46570501b2f06c41924e17e3563d58646b4380dfb68", size = 16986065, upload-time = "2026-08-09T13:46:23.006Z" },
    { url = "https://files.pythonhosted.org/packages/8f/25/20de43f53ff1390534a124475055a19f01fe10c920a0fd11b8e18d6d6052/numpy-2.5.2-cp314-cp314-musllinux_1_2_x86_64.whl", hash = "sha256:f06571a052127dc1b4e8b83029b4d1b20daa2b64a31cdd181fc6bc774e9000eb", size = 18470031, upload-time = "2026-08-09T13:46:27.102Z" },
    { url = "https://files.pythonhosted.org/packages/56/5e/0c577ca308d6da5eb79b546ba10bbe5b60148192194e2da060913b1de4f1/numpy-2.5.2-cp314-cp314-win32.whl", hash = "sha256:2cc779226e476d1e1f08c74068c419e60f41a9e0e069c92f6671d31d5c985e98", size = 6121028, upload-time = "2026-08-09T13:46:30.046Z" },
    { url = "https://files.pythonhosted.org/packages/15/5c/7bcbd5b11f94199073320410cddcbb80cee62415bfeb540874b265c2d922/numpy-2.5.2-cp314-cp314-win_amd64.whl", hash = "sha256:7587f53dfbd5edc0f7b87c6217b4c6d2d1f2ef9c3da70bc1315e7db5f8d7ec9d", size = 12597627, upload-time = "2026-08-09T13:46:32.886Z" },
    { url = "https://files.pythonhosted.org/packages/87/bc/4d0b06fba0da90ccc75af62823cb9dcedb6c9ea0cffa058cb2c9ee773a77/numpy-2.5.2-cp314-cp314-win_arm64.whl", hash = "sha256:3e4c367352d3747784248a227fbec218e193b56f7e6692e3b64fc805478ecfdf", size = 10680414, upload-time = "2026-08-09T13:46:36.036Z" },
    { url = "https://files.pythonhosted.org/packages/cd/17/f429aac9dc08833a0d0f188eba38c532a751b1a1f2ca6018a37b455cb321/numpy-2.5.2-cp314-cp314t-macosx_11_0_arm64.whl", hash = "sha256:b879fb674276e331513fb136b78dbc6bd3c848309e0d841cfd63be3896c4cfc1", size = 12026967, upload-time = "2026-08-09T13:46:39.084Z" },
    { url = "https://files.pythonhosted.org/packages/ca/9f/d0849de96a2a4ceaa16662f18ee13eaa9c0aa418269fdc8c4857c56b11da/numpy-2.5.2-cp314-cp314t-macosx_14_0_arm64.whl", hash = "sha256:fd0d703772bba096843785bd38371e31bb4a0c1151497ad5739d182114a73f7f", size = 5473874, upload-time = "2026-08-09T13:46:42.075Z" },
    { url = "https://files.pythonhosted.org/packages/89/3c/8df216d4a4a5422a3de045301cf7df8ea47286d76f5cb7160b0128ac26b7/numpy-2.5.2-cp314-cp314t-macosx_14_0_x86_64.whl", hash = "sha256:3a2f061cebd9e3d23bdcfaaded5e2293a4c6a5b60fa42df85d410a725ce621bf", size = 6789276, upload-time = "2026-08-09T13:46:44.387Z" },
    { url = "https://files.pythonhosted.org/packages/e6/3a/20d7e9891c4ddfadd6ff8d95bf4b29f353d8e1770553de2099880551dfb9/numpy-2.5.2-cp314-cp314t-manylinux_2_27_aarch64.manylinux_2_28_aarch64.whl", hash = "sha256:6df895598c0edcb41030126c89e0f353b07d93238116143b7405e937359736c4", size = 15659154, upload-time = "2026-08-09T13:46:47.538Z" },
    { url = "https://files.pythonhosted.org/packages/aa/d6/f3aa3d2688bf501b858835c6bd087ae9b51a56ae6fca8e2b0990abd177af/numpy-2.5.2-cp314-cp314t-manylinux_2_27_x86_64.manylinux_2_28_x86_64.whl", hash = "sha256:1ab3d4a901f844ea836c3e80bf463c6a27d7f3c14e8e292fcf28d348b25b9bce", size = 16748909, upload-time = "2026-08-09T13:46:51.442Z" },
    { url = "https://files.pythonhosted.org/packages/7d/8f/1c5cae8d2baf86ab802ae97a00be55bc7e21ebc11b12bbc33376c5f05342/numpy-2.5.2-cp314-cp314t-musllinux_1_2_aarch64.whl", hash = "sha256:cebc2d6dbb605a7703d59751dea4bd6b0ab127a5a4338a6f432df1936fef8b26", size = 17027685, upload-time = "2026-08-09T13:46:55.095Z" },
    { url = "https://files.pythonhosted.org/packages/5c/27/71d3467404aedc1c24ce79610f91b52b0b0f466c43a701aa56fc75c145ab/numpy-2.5.2-cp314-cp314t-musllinux_1_2_x86_64.whl", hash = "sha256:eaca7ff36f0f52e2111ec71f169d8fd3e889e7ddc0d2592e0d703fd8d3ce8fac", size = 18501181, upload-time = "2026-08-09T13:46:59.09Z" },
    { url = "https://files.pythonhosted.org/packages/14/2f/42921d27c40aea7e077f4a423ae509fd9220b028cd787bafefd8ab2b3a5f/numpy-2.5.2-cp314-cp314t-win32.whl", hash = "sha256:ddf47472af2e4280d79bac82304f5e80150211f1b9e614b760061d5fdfbb6eba", size = 6271085, upload-time = "2026-08-09T13:47:01.903Z" },
    { url = "https://files.pythonhosted.org/packages/75/e6/bad5f5d56de9b1971bac959963dda276d35c40f1854475005434bbe08692/numpy-2.5.2-cp314-cp314t-win_amd64.whl", hash = "sha256:44ef9675d908e65f9953063837c3277730f3f4437615a4cdab67b366cabaf884", size = 12787971, upload-time = "2026-08-09T13:47:04.963Z" },
    { url = "https://files.pythonhosted.org/packages/df/05/f608795cb34391acd67e38d94a3c36abd8d8576293a3a80727d7595c372c/numpy-2.5.2-cp314-cp314t-win_arm64.whl", hash = "sha256:eaa088384c46f519dacb93b7ec483a6d6b19a4a2085ae4f25ab9b1c43d387d1e", size = 10750306, upload-time = "2026-08-09T13:47:07.976Z" },
]

[[package]]
name = "packaging"
version = "26.3"
source = { registry = "https://pypi.org/simple" }
sdist = { url = "https://files.pythonhosted.org/packages/7d/fa/3944b40b07da9ce895c0e6303a5ab7d53da063554f534556b134a54d6093/packaging-26.3.tar.gz", hash = "sha256:94edc256424af38762eb31306eed28beb9f0efc50a8837492c9d6fd6004aed79", size = 313412, upload-time = "2026-08-04T18:15:28.737Z" }
wheels = [
    { url = "https://files.pythonhosted.org/packages/63/34/ba1c580383c9eada3711951fef0795c80b829a078d72188184bcab9dd527/packaging-26.3-py3-none-any.whl", hash = "sha256:d7193f7c8e4e93f444fde0262bf90af30e16fa0ad0ad44cb553c87339b23cd1c", size = 129956, upload-time = "2026-08-04T18:15:27.159Z" },
]

[[package]]
name = "pandas"
version = "3.0.5"
source = { registry = "https://pypi.org/simple" }
dependencies = [
    { name = "numpy" },
    { name = "python-dateutil" },
    { name = "tzdata", marker = "sys_platform == 'emscripten' or sys_platform == 'win32'" },
]
sdist = { url = "https://files.pythonhosted.org/packages/be/4f/5f3422a2afec5ffc46308b79e53291365a93748b498ac2e58bead0197916/pandas-3.0.5.tar.gz", hash = "sha256:dca3734d6ab7c906e6730f0788b0a1dbb9f2467731f9711f77995c8e9d62d712", size = 4658219, upload-time = "2026-07-22T22:19:28.819Z" }
wheels = [
    { url = "https://files.pythonhosted.org/packages/51/2f/cf6aae281264f4463f0875bcbb15fd2bb6d291cc535187dad1732475e4a9/pandas-3.0.5-cp314-cp314-macosx_10_15_x86_64.whl", hash = "sha256:2f264fc46911cc8131a7322a16199bbf8e353d27c10bb211f5bd0c814324dc36", size = 10390034, upload-time = "2026-07-22T22:18:49.818Z" },
    { url = "https://files.pythonhosted.org/packages/06/ec/5189518c7a7659c4bdcc6b1eb32c46c6f3c86b0661ffd84143d1112c7732/pandas-3.0.5-cp314-cp314-macosx_11_0_arm64.whl", hash = "sha256:53730687fcd161883b24e10411c06d6a4c0f2275d2faf3bb2bc25deb4ba8007c", size = 9980065, upload-time = "2026-07-22T22:18:52.249Z" },
    { url = "https://files.pythonhosted.org/packages/ea/f1/598503ce8d7e3c35601e0747ba288c7864baae66380725bc12f13f884dfe/pandas-3.0.5-cp314-cp314-manylinux_2_24_aarch64.manylinux_2_28_aarch64.whl", hash = "sha256:960d3ebcf249f75206899fcd2c6de53f736b7265759ced0d3e559df0b8b709b0", size = 10545532, upload-time = "2026-07-22T22:18:54.813Z" },
    { url = "https://files.pythonhosted.org/packages/fa/de/ceae2adf7034e07e9910299fe412e1819c4f0dd520700a888bcb03625448/pandas-3.0.5-cp314-cp314-manylinux_2_24_x86_64.manylinux_2_28_x86_64.whl", hash = "sha256:9e94c2c5ca43bd3ca32bf64d32308887b65e5f9bfd8023ea52755107a999f93b", size = 10963120, upload-time = "2026-07-22T22:18:57.42Z" },
    { url = "https://files.pythonhosted.org/packages/66/25/86e0f4451874eb79e688deeebe3c451fec4557f8952005818d800ee8ac7e/pandas-3.0.5-cp314-cp314-musllinux_1_2_aarch64.whl", hash = "sha256:e819dd5f62966b481a8cb649d3299ebd886a1ea91ed5a99bf7ce77c98d18ab94", size = 11563178, upload-time = "2026-07-22T22:18:59.729Z" },
    { url = "https://files.pythonhosted.org/packages/f3/45/8643daa3b4147e433adfcccefdd0380d3aad79d86b15d8999730fe1944d5/pandas-3.0.5-cp314-cp314-musllinux_1_2_x86_64.whl", hash = "sha256:3c5ed2e7c06e91d340dfd091d7934f9bc82e4a36b95f647f090b9d1c9ac649da", size = 12028708, upload-time = "2026-07-22T22:19:02.164Z" },
    { url = "https://files.pythonhosted.org/packages/96/58/ad979ae617615576e8aafd569c9d4b62f1191d896e38f51d66ba06f3b89a/pandas-3.0.5-cp314-cp314-win_amd64.whl", hash = "sha256:cd8f7c6dc98527058ee6264219343f5392240a6f1bfa654fc5d79023020d0c92", size = 9951806, upload-time = "2026-07-22T22:19:04.596Z" },
    { url = "https://files.pythonhosted.org/packages/69/32/7ac03886b304049a9d2625ee88f59af760d8a93bd30ed9239bce7b9869a8/pandas-3.0.5-cp314-cp314-win_arm64.whl", hash = "sha256:5183427f5a8156d480f30333777bc978be93650a49a7c01db26adffe95b31e85", size = 9238297, upload-time = "2026-07-22T22:19:06.836Z" },
    { url = "https://files.pythonhosted.org/packages/be/ed/1d1f2ee5547d5167face2376d11c8b2a4c7bfff5a416ee7a9046891fab1e/pandas-3.0.5-cp314-cp314t-macosx_10_15_x86_64.whl", hash = "sha256:303da736987d481074ca720ada325f8bd80c64ebc2d45ed79b29df3aaa4a26ca", size = 10849690, upload-time = "2026-07-22T22:19:09.391Z" },
    { url = "https://files.pythonhosted.org/packages/57/55/17e17152e98fbb0c4b1e562bc65387a2f20a80db0f4a86bf8d3a0e4248d4/pandas-3.0.5-cp314-cp314t-macosx_11_0_arm64.whl", hash = "sha256:3b2801bbb049d0136f6c213eae02b5fca969384fc2064dd728d8620552aa49da", size = 10509945, upload-time = "2026-07-22T22:19:11.773Z" },
    { url = "https://files.pythonhosted.org/packages/88/90/817d44dbf83facf9556f33576d9af0a241981e7bb5c00606c0bcb5df8dda/pandas-3.0.5-cp314-cp314t-manylinux_2_24_aarch64.manylinux_2_28_aarch64.whl", hash = "sha256:cce3a9d11d2b1f82c69a27ec1f4948a170e2c403c4bbfa8cca62e3fdebe2ef3a", size = 10392197, upload-time = "2026-07-22T22:19:14.024Z" },
    { url = "https://files.pythonhosted.org/packages/f1/da/889f00c0a6f5aa1545add70abbf01502dff87ab577adb855bd631c54d2f2/pandas-3.0.5-cp314-cp314t-manylinux_2_24_x86_64.manylinux_2_28_x86_64.whl", hash = "sha256:ef01af4d8dc6cd2c8d6c7736f149574ef93fe043811eeb5e445f2647154b5040", size = 10862726, upload-time = "2026-07-22T22:19:16.351Z" },
    { url = "https://files.pythonhosted.org/packages/bc/98/f1e934fb3c98fce859c6147c6785816c7b5b9ab7821115c5d8c4de9842b9/pandas-3.0.5-cp314-cp314t-musllinux_1_2_aarch64.whl", hash = "sha256:e2759e890db96dfcffdbd9b86c3c2cb6afaf58def482820317e06163ec1066cd", size = 11414864, upload-time = "2026-07-22T22:19:18.981Z" },
    { url = "https://files.pythonhosted.org/packages/fe/be/d448af7d657d82e1888dd8551f79c6d6fb161080b5b9752d84d910ec2319/pandas-3.0.5-cp314-cp314t-musllinux_1_2_x86_64.whl", hash = "sha256:b58b1b39d46a5862e3fb18f50d1a201398619d16a0f9f73f57eea5583cf0e63c", size = 11925105, upload-time = "2026-07-22T22:19:21.515Z" },
    { url = "https://files.pythonhosted.org/packages/29/c1/ccb4238212c8c4f496c584f3044d94e0c030ed8e1d68999db46c91c2242f/pandas-3.0.5-cp314-cp314t-win_amd64.whl", hash = "sha256:1c10461f6eeb35d8f05b6184c65c8b9991663b66c46b1d559b682cb34ae7c6ea", size = 10387612, upload-time = "2026-07-22T22:19:24.257Z" },
    { url = "https://files.pythonhosted.org/packages/d2/cf/6a51b2c38980e04c279fd2fa908a1b0982064e860444acfca4ec2e2c8359/pandas-3.0.5-cp314-cp314t-win_arm64.whl", hash = "sha256:3c5015fd1730fbf883647e88068176c839c102cea883ba1769a6f4593bfc1f8c", size = 9509776, upload-time = "2026-07-22T22:19:26.694Z" },
]

[[package]]
name = "pluggy"
version = "1.6.0"
source = { registry = "https://pypi.org/simple" }
sdist = { url = "https://files.pythonhosted.org/packages/f9/e2/3e91f31a7d2b083fe6ef3fa267035b518369d9511ffab804f839851d2779/pluggy-1.6.0.tar.gz", hash = "sha256:7dcc130b76258d33b90f61b658791dede3486c3e6bfb003ee5c9bfb396dd22f3", size = 69412, upload-time = "2025-05-15T12:30:07.975Z" }
wheels = [
    { url = "https://files.pythonhosted.org/packages/54/20/4d324d65cc6d9205fabedc306948156824eb9f0ee1633355a8f7ec5c66bf/pluggy-1.6.0-py3-none-any.whl", hash = "sha256:e920276dd6813095e9377c0bc5566d94c932c33b27a3e3945d8389c374dd4746", size = 20538, upload-time = "2025-05-15T12:30:06.134Z" },
]

[[package]]
name = "pyarrow"
version = "25.0.1"
source = { registry = "https://pypi.org/simple" }
sdist = { url = "https://files.pythonhosted.org/packages/3d/e3/27f57f80141379d60defe6703eb50a707325706f07fedfd1312c7a751995/pyarrow-25.0.1.tar.gz", hash = "sha256:9150a83248bfed9813ea3c3af74c3856c1984d444aa28e58bf7733b9750ddf6a", size = 1201653, upload-time = "2026-08-10T12:40:53.904Z" }
wheels = [
    { url = "https://files.pythonhosted.org/packages/36/4c/b525824ad3094076919273cd97db61fb3d78252dee76fa3b8dc8f76774aa/pyarrow-25.0.1-cp314-cp314-macosx_12_0_arm64.whl", hash = "sha256:bf0b672390cdcb640d7288f96b826d71ff4e9abb254a86c89890baf51a29cee6", size = 35885255, upload-time = "2026-08-10T12:39:32.366Z" },
    { url = "https://files.pythonhosted.org/packages/08/62/448bb0e940de41aec31d1a956e63ad9c54afdf122a103cc3ab20c2a3ce33/pyarrow-25.0.1-cp314-cp314-macosx_12_0_x86_64.whl", hash = "sha256:38a9a4b4b9613380e200641891495a56c3d5a98a092db4a870af9975e220471d", size = 37644461, upload-time = "2026-08-10T12:39:38.142Z" },
    { url = "https://files.pythonhosted.org/packages/6e/9a/13587e38bd4806fd218f50fd13b8903fab60588a699ff0c406372e5b4043/pyarrow-25.0.1-cp314-cp314-manylinux_2_28_aarch64.whl", hash = "sha256:0b726ad7e7b669be982b0c71c07fe4b037d654354130da79a7902a669e93a66b", size = 46877146, upload-time = "2026-08-10T12:39:43.722Z" },
    { url = "https://files.pythonhosted.org/packages/8d/61/1c5d1229fa21da4cff5365e41e57177aaac57c563c727f35419b8513d1c1/pyarrow-25.0.1-cp314-cp314-manylinux_2_28_x86_64.whl", hash = "sha256:9171748cdf796972d85a4b60157c279913e242992e350c90c7450182a9838b2a", size = 50131616, upload-time = "2026-08-10T12:39:49.304Z" },
    { url = "https://files.pythonhosted.org/packages/43/20/291e1d65cc0b09aa19f03cf25cf51a2f5fa94b5db315178f2d254ed5cad4/pyarrow-25.0.1-cp314-cp314-musllinux_1_2_aarch64.whl", hash = "sha256:b7a296aac7a71fa0886c08e155ddb6c636a50013f801f6178daafa0f9e726188", size = 50008879, upload-time = "2026-08-10T12:39:56.891Z" },
    { url = "https://files.pythonhosted.org/packages/8b/7c/1b7c9ec28e76576337e4f97b31141c9a181b89b6d1d6221e9d8205621a58/pyarrow-25.0.1-cp314-cp314-musllinux_1_2_x86_64.whl", hash = "sha256:0fe7c8b6c03969b49c8c66182e4a18e3819ab92d07cfab5d8370c531b9369ef0", size = 53170864, upload-time = "2026-08-10T12:40:04.918Z" },
    { url = "https://files.pythonhosted.org/packages/b7/75/f3d789dc06011a765d14d86bda799cf72ac1d715b6a6edecaa0d73d95062/pyarrow-25.0.1-cp314-cp314-win_amd64.whl", hash = "sha256:f729cfdbd36fd99d543b67a914d2de044c84ebe45be8b34902b299b608c15c8f", size = 28620729, upload-time = "2026-08-10T12:40:51.41Z" },
    { url = "https://files.pythonhosted.org/packages/fc/05/647a8ee6f7c2662feb6921315617bc04dcd6034763fb61b1199720bf6162/pyarrow-25.0.1-cp314-cp314t-macosx_12_0_arm64.whl", hash = "sha256:59a2de54c0cbd954da861eee4d1d330f8e909c45b53455baef696380f2c55033", size = 36130288, upload-time = "2026-08-10T12:40:11.014Z" },
    { url = "https://files.pythonhosted.org/packages/93/f8/c9ee997554d7bea94520667dd1933f109ac1da3ee3556d2b49381e023484/pyarrow-25.0.1-cp314-cp314t-macosx_12_0_x86_64.whl", hash = "sha256:35935cd5de130aa5cf4dea052a63e6bf2e17006c35c3a468194242b9b2bf5956", size = 37762187, upload-time = "2026-08-10T12:40:16.592Z" },
    { url = "https://files.pythonhosted.org/packages/a2/08/a28c01c7fe9e96e8233ce2d13df1d402f4f999f848f51d2daacd6bb4c036/pyarrow-25.0.1-cp314-cp314t-manylinux_2_28_aarch64.whl", hash = "sha256:f3831aaa25c67a99f99dc8b05873cb9d64560390372e2aa197ce9dd4a3f06a44", size = 46888003, upload-time = "2026-08-10T12:40:23.242Z" },
    { url = "https://files.pythonhosted.org/packages/1b/b9/58612e977d28dc58c878448866838369ee8da2f1e7cc8ed2c84b952aafee/pyarrow-25.0.1-cp314-cp314t-manylinux_2_28_x86_64.whl", hash = "sha256:6a1fdfc6659b6b19022f2e50627fb5cf7156a66c46bf4299379955cbe742382a", size = 50079036, upload-time = "2026-08-10T12:40:29.169Z" },
    { url = "https://files.pythonhosted.org/packages/72/13/66e1402dcc860e1dc2760b1e0292c9a569b62b3bccab69def1b3e907d006/pyarrow-25.0.1-cp314-cp314t-musllinux_1_2_aarch64.whl", hash = "sha256:169d3429d5be7c752125890620f75a60776d38b0035eddae939651640822332e", size = 50040226, upload-time = "2026-08-10T12:40:35.186Z" },
    { url = "https://files.pythonhosted.org/packages/78/10/3f1a5497a7ef732ab0f03ecca3e66d89d9c0f57fdc61b4794c456b781f01/pyarrow-25.0.1-cp314-cp314t-musllinux_1_2_x86_64.whl", hash = "sha256:119297a6dc197e45d9c6d4415f7814a67ffa36c180d26f68c154c58067ae782d", size = 53149035, upload-time = "2026-08-10T12:40:41.454Z" },
    { url = "https://files.pythonhosted.org/packages/93/c0/37d4a7e8e2f7a6076283673d5298018ca26478b934c6ee369e10505ab32c/pyarrow-25.0.1-cp314-cp314t-win_amd64.whl", hash = "sha256:4288f27577352d608ca08553b0865e4a9b3aa14820c5d95b53337218d609835b", size = 28753071, upload-time = "2026-08-10T12:40:46.623Z" },
]

[[package]]
name = "pygments"
version = "2.21.0"
source = { registry = "https://pypi.org/simple" }
sdist = { url = "https://files.pythonhosted.org/packages/49/2e/ced460408999b33da6b31b0021b0f37d329e202d4169aeb164493778f25b/pygments-2.21.0.tar.gz", hash = "sha256:610ca751c9bc2492b38eb9a38a7fbc93edbbb2d7182edaf34e66ae493dee5c8c", size = 5005329, upload-time = "2026-08-17T08:02:48.824Z" }
wheels = [
    { url = "https://files.pythonhosted.org/packages/71/46/17f022dd3e953bf20a04a028a21ec746d942f8d2af30fa0f124fa0e6a684/pygments-2.21.0-py3-none-any.whl", hash = "sha256:2363c69b61c4a97c838da3b130dcd6468f4848992b21a82f2a63ec34377137d9", size = 1250147, upload-time = "2026-08-17T08:02:44.912Z" },
]

[[package]]
name = "pyogrio"
version = "0.13.0"
source = { registry = "https://pypi.org/simple" }
dependencies = [
    { name = "certifi" },
    { name = "numpy" },
    { name = "packaging" },
]
sdist = { url = "https://files.pythonhosted.org/packages/de/3c/d2268615e8b749ba59f278b14a495883562e961fa3ad55a9def222bfbd4a/pyogrio-0.13.0.tar.gz", hash = "sha256:9614f27a1891113f80653e0b76b4233ea1fb3beeb1ac46d118ab22e1670f8f13", size = 313103, upload-time = "2026-06-26T15:30:17.375Z" }
wheels = [
    { url = "https://files.pythonhosted.org/packages/c0/89/76534ad8f01d952ad01002741f8cfac08024035a70952f190b4f7e22325c/pyogrio-0.13.0-cp311-abi3-macosx_12_0_arm64.whl", hash = "sha256:68e6bb9b8b14412311da69679333ad5408c0f9aa5b25d5837bbcba3dfa698109", size = 24666205, upload-time = "2026-06-26T15:29:32.214Z" },
    { url = "https://files.pythonhosted.org/packages/39/58/af3b3a74c8b05ebf49b03303ee24024b9d0272de482867425c8dc93f2820/pyogrio-0.13.0-cp311-abi3-macosx_12_0_x86_64.whl", hash = "sha256:8823f91570c91e66e50cc573bc4722e925b84220ee0c7dc61532438d43c69a95", size = 26063477, upload-time = "2026-06-26T15:29:35.94Z" },
    { url = "https://files.pythonhosted.org/packages/55/30/3e38d8532a33adf15c6465dcd8c1bb2a146dce0da3fd8ba0aa9ec9ba74e4/pyogrio-0.13.0-cp311-abi3-manylinux2014_x86_64.manylinux_2_17_x86_64.whl", hash = "sha256:9e84e7b09b073ee4cc8c35663afcf644b0c17db75ac72c7591dc3864252db461", size = 32246778, upload-time = "2026-06-26T15:29:40.185Z" },
    { url = "https://files.pythonhosted.org/packages/26/96/888ea83c8d0f1e2cc732bea6be94ed0db784cacd99f0248333483be657b3/pyogrio-0.13.0-cp311-abi3-manylinux_2_28_aarch64.whl", hash = "sha256:680842c88b5e678125edd13b15f7187ff3ce7630cadef538887edd3cbe801287", size = 31670710, upload-time = "2026-06-26T15:29:44.328Z" },
    { url = "https://files.pythonhosted.org/packages/20/c2/247c150f5ca12f8593c20e39115db551b18de5c6cb383006de21b57399e4/pyogrio-0.13.0-cp311-abi3-manylinux_2_28_x86_64.whl", hash = "sha256:220a988ce2a26591d6db5c775b07289d4f54cabdf274cc048f0e17a0b9d5be14", size = 33334097, upload-time = "2026-06-26T15:29:48.533Z" },
    { url = "https://files.pythonhosted.org/packages/d2/ba/3757e312a98c428ac5d8b787f3608ae325174ebef6897930a42e21dd057a/pyogrio-0.13.0-cp311-abi3-win_amd64.whl", hash = "sha256:1b91f6d6e6757a6ea84b9459d24f479dcb52bbf4ebcdb16baf39e49d2836a1cf", size = 23824927, upload-time = "2026-06-26T15:29:52.493Z" },
    { url = "https://files.pythonhosted.org/packages/31/56/5b1bf2637903908a5f7a0e068d602d46f3c03a1f860d40e1528bb5cb7b12/pyogrio-0.13.0-cp314-cp314t-macosx_12_0_arm64.whl", hash = "sha256:c86c2abade1219863224297f6fdf8b1817c291596b05b865138065a710ea55c3", size = 24741354, upload-time = "2026-06-26T15:29:55.763Z" },
    { url = "https://files.pythonhosted.org/packages/54/5d/1fed0e8f29c457c6b73893bdc66c1c890fd1344539c665f3a8061e4c0f27/pyogrio-0.13.0-cp314-cp314t-macosx_12_0_x86_64.whl", hash = "sha256:2548f8b84dae89f5e0cc6d406731f09f234b3909426026428733c21c0a7ac49a", size = 26147175, upload-time = "2026-06-26T15:29:59.156Z" },
    { url = "https://files.pythonhosted.org/packages/f4/c5/1e35904ba332e9e4be83ce4b46e6ef72be05525773717ace0940225932c8/pyogrio-0.13.0-cp314-cp314t-manylinux2014_x86_64.manylinux_2_17_x86_64.whl", hash = "sha256:e605494bfea5d40ad4d37df1db1d7cb8950a3135eff9adba2f79673393f31e12", size = 32648289, upload-time = "2026-06-26T15:30:02.704Z" },
    { url = "https://files.pythonhosted.org/packages/32/dc/50e21c4bc15c504fa72313482d4bf6f39d87195180a53e0e0bc422473592/pyogrio-0.13.0-cp314-cp314t-manylinux_2_28_aarch64.whl", hash = "sha256:dc1d91a2174dc7b4b73b68dc9db124ee5ed35c6f1a1d921b8c3dc79c6e73bc99", size = 32260741, upload-time = "2026-06-26T15:30:06.707Z" },
    { url = "https://files.pythonhosted.org/packages/5f/e4/313a967cd27f654cee260719dac2c1992b4fe581183a086dffdc785161d7/pyogrio-0.13.0-cp314-cp314t-manylinux_2_28_x86_64.whl", hash = "sha256:25b0c1a96955c30cd587c024e3e50813ff16a650b4ea41568612842e4078cc59", size = 33840722, upload-time = "2026-06-26T15:30:10.98Z" },
    { url = "https://files.pythonhosted.org/packages/d3/77/5b874829633324c0ae4be45233e0971d8e6e8d9874840940edef315e71e6/pyogrio-0.13.0-cp314-cp314t-win_amd64.whl", hash = "sha256:259cfef6bf5e3060afd5dd00ad5b81175568fc49c6fea7d3be575b7c6feb74fc", size = 24574595, upload-time = "2026-06-26T15:30:14.809Z" },
]

[[package]]
name = "pyproj"
version = "3.7.2"
source = { registry = "https://pypi.org/simple" }
dependencies = [
    { name = "certifi" },
]
sdist = { url = "https://files.pythonhosted.org/packages/04/90/67bd7260b4ea9b8b20b4f58afef6c223ecb3abf368eb4ec5bc2cdef81b49/pyproj-3.7.2.tar.gz", hash = "sha256:39a0cf1ecc7e282d1d30f36594ebd55c9fae1fda8a2622cee5d100430628f88c", size = 226279, upload-time = "2025-08-14T12:05:42.18Z" }
wheels = [
    { url = "https://files.pythonhosted.org/packages/42/17/c2b050d3f5b71b6edd0d96ae16c990fdc42a5f1366464a5c2772146de33a/pyproj-3.7.2-cp314-cp314-macosx_13_0_x86_64.whl", hash = "sha256:2aaa328605ace41db050d06bac1adc11f01b71fe95c18661497763116c3a0f02", size = 6214541, upload-time = "2025-08-14T12:05:03.166Z" },
    { url = "https://files.pythonhosted.org/packages/03/68/68ada9c8aea96ded09a66cfd9bf87aa6db8c2edebe93f5bf9b66b0143fbc/pyproj-3.7.2-cp314-cp314-macosx_14_0_arm64.whl", hash = "sha256:35dccbce8201313c596a970fde90e33605248b66272595c061b511c8100ccc08", size = 4617456, upload-time = "2025-08-14T12:05:04.563Z" },
    { url = "https://files.pythonhosted.org/packages/81/e4/4c50ceca7d0e937977866b02cb64e6ccf4df979a5871e521f9e255df6073/pyproj-3.7.2-cp314-cp314-manylinux_2_28_aarch64.whl", hash = "sha256:25b0b7cb0042444c29a164b993c45c1b8013d6c48baa61dc1160d834a277e83b", size = 9615590, upload-time = "2025-08-14T12:05:06.094Z" },
    { url = "https://files.pythonhosted.org/packages/05/1e/ada6fb15a1d75b5bd9b554355a69a798c55a7dcc93b8d41596265c1772e3/pyproj-3.7.2-cp314-cp314-manylinux_2_28_x86_64.whl", hash = "sha256:85def3a6388e9ba51f964619aa002a9d2098e77c6454ff47773bb68871024281", size = 9474960, upload-time = "2025-08-14T12:05:07.973Z" },
    { url = "https://files.pythonhosted.org/packages/51/07/9d48ad0a8db36e16f842f2c8a694c1d9d7dcf9137264846bef77585a71f3/pyproj-3.7.2-cp314-cp314-musllinux_1_2_aarch64.whl", hash = "sha256:b1bccefec3875ab81eabf49059e2b2ea77362c178b66fd3528c3e4df242f1516", size = 10799478, upload-time = "2025-08-14T12:05:14.102Z" },
    { url = "https://files.pythonhosted.org/packages/85/cf/2f812b529079f72f51ff2d6456b7fef06c01735e5cfd62d54ffb2b548028/pyproj-3.7.2-cp314-cp314-musllinux_1_2_x86_64.whl", hash = "sha256:d5371ca114d6990b675247355a801925814eca53e6c4b2f1b5c0a956336ee36e", size = 10710030, upload-time = "2025-08-14T12:05:16.317Z" },
    { url = "https://files.pythonhosted.org/packages/99/9b/4626a19e1f03eba4c0e77b91a6cf0f73aa9cb5d51a22ee385c22812bcc2c/pyproj-3.7.2-cp314-cp314-win32.whl", hash = "sha256:77f066626030f41be543274f5ac79f2a511fe89860ecd0914f22131b40a0ec25", size = 5991181, upload-time = "2025-08-14T12:05:19.492Z" },
    { url = "https://files.pythonhosted.org/packages/04/b2/5a6610554306a83a563080c2cf2c57565563eadd280e15388efa00fb5b33/pyproj-3.7.2-cp314-cp314-win_amd64.whl", hash = "sha256:5a964da1696b8522806f4276ab04ccfff8f9eb95133a92a25900697609d40112", size = 6434721, upload-time = "2025-08-14T12:05:21.022Z" },
    { url = "https://files.pythonhosted.org/packages/ae/ce/6c910ea2e1c74ef673c5d48c482564b8a7824a44c4e35cca2e765b68cfcc/pyproj-3.7.2-cp314-cp314-win_arm64.whl", hash = "sha256:e258ab4dbd3cf627809067c0ba8f9884ea76c8e5999d039fb37a1619c6c3e1f6", size = 6363821, upload-time = "2025-08-14T12:05:22.627Z" },
    { url = "https://files.pythonhosted.org/packages/e4/e4/5532f6f7491812ba782a2177fe9de73fd8e2912b59f46a1d056b84b9b8f2/pyproj-3.7.2-cp314-cp314t-macosx_13_0_x86_64.whl", hash = "sha256:bbbac2f930c6d266f70ec75df35ef851d96fdb3701c674f42fd23a9314573b37", size = 6241773, upload-time = "2025-08-14T12:05:24.577Z" },
    { url = "https://files.pythonhosted.org/packages/20/1f/0938c3f2bbbef1789132d1726d9b0e662f10cfc22522743937f421ad664e/pyproj-3.7.2-cp314-cp314t-macosx_14_0_arm64.whl", hash = "sha256:b7544e0a3d6339dc9151e9c8f3ea62a936ab7cc446a806ec448bbe86aebb979b", size = 4652537, upload-time = "2025-08-14T12:05:26.391Z" },
    { url = "https://files.pythonhosted.org/packages/c7/a8/488b1ed47d25972f33874f91f09ca8f2227902f05f63a2b80dc73e7b1c97/pyproj-3.7.2-cp314-cp314t-manylinux_2_28_aarch64.whl", hash = "sha256:f7f5133dca4c703e8acadf6f30bc567d39a42c6af321e7f81975c2518f3ed357", size = 9940864, upload-time = "2025-08-14T12:05:27.985Z" },
    { url = "https://files.pythonhosted.org/packages/c7/cc/7f4c895d0cb98e47b6a85a6d79eaca03eb266129eed2f845125c09cf31ff/pyproj-3.7.2-cp314-cp314t-manylinux_2_28_x86_64.whl", hash = "sha256:5aff3343038d7426aa5076f07feb88065f50e0502d1b0d7c22ddfdd2c75a3f81", size = 9688868, upload-time = "2025-08-14T12:05:30.425Z" },
    { url = "https://files.pythonhosted.org/packages/b2/b7/c7e306b8bb0f071d9825b753ee4920f066c40fbfcce9372c4f3cfb2fc4ed/pyproj-3.7.2-cp314-cp314t-musllinux_1_2_aarch64.whl", hash = "sha256:b0552178c61f2ac1c820d087e8ba6e62b29442debddbb09d51c4bf8acc84d888", size = 11045910, upload-time = "2025-08-14T12:05:32.507Z" },
    { url = "https://files.pythonhosted.org/packages/42/fb/538a4d2df695980e2dde5c04d965fbdd1fe8c20a3194dc4aaa3952a4d1be/pyproj-3.7.2-cp314-cp314t-musllinux_1_2_x86_64.whl", hash = "sha256:47d87db2d2c436c5fd0409b34d70bb6cdb875cca2ebe7a9d1c442367b0ab8d59", size = 10895724, upload-time = "2025-08-14T12:05:35.465Z" },
    { url = "https://files.pythonhosted.org/packages/e8/8b/a3f0618b03957de9db5489a04558a8826f43906628bb0b766033aa3b5548/pyproj-3.7.2-cp314-cp314t-win32.whl", hash = "sha256:c9b6f1d8ad3e80a0ee0903a778b6ece7dca1d1d40f6d114ae01bc8ddbad971aa", size = 6056848, upload-time = "2025-08-14T12:05:37.553Z" },
    { url = "https://files.pythonhosted.org/packages/bc/56/413240dd5149dd3291eda55aa55a659da4431244a2fd1319d0ae89407cfb/pyproj-3.7.2-cp314-cp314t-win_amd64.whl", hash = "sha256:1914e29e27933ba6f9822663ee0600f169014a2859f851c054c88cf5ea8a333c", size = 6517676, upload-time = "2025-08-14T12:05:39.126Z" },
    { url = "https://files.pythonhosted.org/packages/15/73/a7141a1a0559bf1a7aa42a11c879ceb19f02f5c6c371c6d57fd86cefd4d1/pyproj-3.7.2-cp314-cp314t-win_arm64.whl", hash = "sha256:d9d25bae416a24397e0d85739f84d323b55f6511e45a522dd7d7eae70d10c7e4", size = 6391844, upload-time = "2025-08-14T12:05:40.745Z" },
]

[[package]]
name = "pytest"
version = "9.1.1"
source = { registry = "https://pypi.org/simple" }
dependencies = [
    { name = "colorama", marker = "sys_platform == 'win32'" },
    { name = "iniconfig" },
    { name = "packaging" },
    { name = "pluggy" },
    { name = "pygments" },
]
sdist = { url = "https://files.pythonhosted.org/packages/e4/47/b9efed96c114afcfa3c9d3fe98a76a1d14c74a9e266d397cf6eb64be5e01/pytest-9.1.1.tar.gz", hash = "sha256:1088fbde8f2b49d95a549a195707afa7a76a3ce9bcadc26b6d71f0ffda5fe313", size = 1636369, upload-time = "2026-06-19T10:58:32.857Z" }
wheels = [
    { url = "https://files.pythonhosted.org/packages/24/25/1de2678b631f5a49215c6c96fff41ba892b0a34df68d6d80292b1b48aa7f/pytest-9.1.1-py3-none-any.whl", hash = "sha256:37a86b45efb9a47a61a36449063e8e18d0cab3161329fc099eb21783169c4f0c", size = 386536, upload-time = "2026-06-19T10:58:31.347Z" },
]

[[package]]
name = "python-dateutil"
version = "2.9.0.post0"
source = { registry = "https://pypi.org/simple" }
dependencies = [
    { name = "six" },
]
sdist = { url = "https://files.pythonhosted.org/packages/66/c0/0c8b6ad9f17a802ee498c46e004a0eb49bc148f2fd230864601a86dcf6db/python-dateutil-2.9.0.post0.tar.gz", hash = "sha256:37dd54208da7e1cd875388217d5e00ebd4179249f90fb72437e91a35459a0ad3", size = 342432, upload-time = "2024-03-01T18:36:20.211Z" }
wheels = [
    { url = "https://files.pythonhosted.org/packages/ec/57/56b9bcc3c9c6a792fcbaf139543cee77261f3651ca9da0c93f5c1221264b/python_dateutil-2.9.0.post0-py2.py3-none-any.whl", hash = "sha256:a8b2bc7bffae282281c8140a97d3aa9c14da0b136dfe83f850eea9a5f7470427", size = 229892, upload-time = "2024-03-01T18:36:18.57Z" },
]

[[package]]
name = "shapely"
version = "2.1.2"
source = { registry = "https://pypi.org/simple" }
dependencies = [
    { name = "numpy" },
]
sdist = { url = "https://files.pythonhosted.org/packages/4d/bc/0989043118a27cccb4e906a46b7565ce36ca7b57f5a18b78f4f1b0f72d9d/shapely-2.1.2.tar.gz", hash = "sha256:2ed4ecb28320a433db18a5bf029986aa8afcfd740745e78847e330d5d94922a9", size = 315489, upload-time = "2025-09-24T13:51:41.432Z" }
wheels = [
    { url = "https://files.pythonhosted.org/packages/fc/c4/3ce4c2d9b6aabd27d26ec988f08cb877ba9e6e96086eff81bfea93e688c7/shapely-2.1.2-cp314-cp314-macosx_10_13_x86_64.whl", hash = "sha256:9a522f460d28e2bf4e12396240a5fc1518788b2fcd73535166d748399ef0c223", size = 1831290, upload-time = "2025-09-24T13:51:13.56Z" },
    { url = "https://files.pythonhosted.org/packages/17/b9/f6ab8918fc15429f79cb04afa9f9913546212d7fb5e5196132a2af46676b/shapely-2.1.2-cp314-cp314-macosx_11_0_arm64.whl", hash = "sha256:1ff629e00818033b8d71139565527ced7d776c269a49bd78c9df84e8f852190c", size = 1641463, upload-time = "2025-09-24T13:51:14.972Z" },
    { url = "https://files.pythonhosted.org/packages/a5/57/91d59ae525ca641e7ac5551c04c9503aee6f29b92b392f31790fcb1a4358/shapely-2.1.2-cp314-cp314-manylinux2014_aarch64.manylinux_2_17_aarch64.whl", hash = "sha256:f67b34271dedc3c653eba4e3d7111aa421d5be9b4c4c7d38d30907f796cb30df", size = 2970145, upload-time = "2025-09-24T13:51:16.961Z" },
    { url = "https://files.pythonhosted.org/packages/8a/cb/4948be52ee1da6927831ab59e10d4c29baa2a714f599f1f0d1bc747f5777/shapely-2.1.2-cp314-cp314-manylinux2014_x86_64.manylinux_2_17_x86_64.whl", hash = "sha256:21952dc00df38a2c28375659b07a3979d22641aeb104751e769c3ee825aadecf", size = 3073806, upload-time = "2025-09-24T13:51:18.712Z" },
    { url = "https://files.pythonhosted.org/packages/03/83/f768a54af775eb41ef2e7bec8a0a0dbe7d2431c3e78c0a8bdba7ab17e446/shapely-2.1.2-cp314-cp314-musllinux_1_2_aarch64.whl", hash = "sha256:1f2f33f486777456586948e333a56ae21f35ae273be99255a191f5c1fa302eb4", size = 3980803, upload-time = "2025-09-24T13:51:20.37Z" },
    { url = "https://files.pythonhosted.org/packages/9f/cb/559c7c195807c91c79d38a1f6901384a2878a76fbdf3f1048893a9b7534d/shapely-2.1.2-cp314-cp314-musllinux_1_2_x86_64.whl", hash = "sha256:cf831a13e0d5a7eb519e96f58ec26e049b1fad411fc6fc23b162a7ce04d9cffc", size = 4133301, upload-time = "2025-09-24T13:51:21.887Z" },
    { url = "https://files.pythonhosted.org/packages/80/cd/60d5ae203241c53ef3abd2ef27c6800e21afd6c94e39db5315ea0cbafb4a/shapely-2.1.2-cp314-cp314-win32.whl", hash = "sha256:61edcd8d0d17dd99075d320a1dd39c0cb9616f7572f10ef91b4b5b00c4aeb566", size = 1583247, upload-time = "2025-09-24T13:51:23.401Z" },
    { url = "https://files.pythonhosted.org/packages/74/d4/135684f342e909330e50d31d441ace06bf83c7dc0777e11043f99167b123/shapely-2.1.2-cp314-cp314-win_amd64.whl", hash = "sha256:a444e7afccdb0999e203b976adb37ea633725333e5b119ad40b1ca291ecf311c", size = 1773019, upload-time = "2025-09-24T13:51:24.873Z" },
    { url = "https://files.pythonhosted.org/packages/a3/05/a44f3f9f695fa3ada22786dc9da33c933da1cbc4bfe876fe3a100bafe263/shapely-2.1.2-cp314-cp314t-macosx_10_13_x86_64.whl", hash = "sha256:5ebe3f84c6112ad3d4632b1fd2290665aa75d4cef5f6c5d77c4c95b324527c6a", size = 1834137, upload-time = "2025-09-24T13:51:26.665Z" },
    { url = "https://files.pythonhosted.org/packages/52/7e/4d57db45bf314573427b0a70dfca15d912d108e6023f623947fa69f39b72/shapely-2.1.2-cp314-cp314t-macosx_11_0_arm64.whl", hash = "sha256:5860eb9f00a1d49ebb14e881f5caf6c2cf472c7fd38bd7f253bbd34f934eb076", size = 1642884, upload-time = "2025-09-24T13:51:28.029Z" },
    { url = "https://files.pythonhosted.org/packages/5a/27/4e29c0a55d6d14ad7422bf86995d7ff3f54af0eba59617eb95caf84b9680/shapely-2.1.2-cp314-cp314t-manylinux2014_aarch64.manylinux_2_17_aarch64.whl", hash = "sha256:b705c99c76695702656327b819c9660768ec33f5ce01fa32b2af62b56ba400a1", size = 3018320, upload-time = "2025-09-24T13:51:29.903Z" },
    { url = "https://files.pythonhosted.org/packages/9f/bb/992e6a3c463f4d29d4cd6ab8963b75b1b1040199edbd72beada4af46bde5/shapely-2.1.2-cp314-cp314t-manylinux2014_x86_64.manylinux_2_17_x86_64.whl", hash = "sha256:a1fd0ea855b2cf7c9cddaf25543e914dd75af9de08785f20ca3085f2c9ca60b0", size = 3094931, upload-time = "2025-09-24T13:51:32.699Z" },
    { url = "https://files.pythonhosted.org/packages/9c/16/82e65e21070e473f0ed6451224ed9fa0be85033d17e0c6e7213a12f59d12/shapely-2.1.2-cp314-cp314t-musllinux_1_2_aarch64.whl", hash = "sha256:df90e2db118c3671a0754f38e36802db75fe0920d211a27481daf50a711fdf26", size = 4030406, upload-time = "2025-09-24T13:51:34.189Z" },
    { url = "https://files.pythonhosted.org/packages/7c/75/c24ed871c576d7e2b64b04b1fe3d075157f6eb54e59670d3f5ffb36e25c7/shapely-2.1.2-cp314-cp314t-musllinux_1_2_x86_64.whl", hash = "sha256:361b6d45030b4ac64ddd0a26046906c8202eb60d0f9f53085f5179f1d23021a0", size = 4169511, upload-time = "2025-09-24T13:51:36.297Z" },
    { url = "https://files.pythonhosted.org/packages/b1/f7/b3d1d6d18ebf55236eec1c681ce5e665742aab3c0b7b232720a7d43df7b6/shapely-2.1.2-cp314-cp314t-win32.whl", hash = "sha256:b54df60f1fbdecc8ebc2c5b11870461a6417b3d617f555e5033f1505d36e5735", size = 1602607, upload-time = "2025-09-24T13:51:37.757Z" },
    { url = "https://files.pythonhosted.org/packages/9a/f6/f09272a71976dfc138129b8faf435d064a811ae2f708cb147dccdf7aacdb/shapely-2.1.2-cp314-cp314t-win_amd64.whl", hash = "sha256:0036ac886e0923417932c2e6369b6c52e38e0ff5d9120b90eef5cd9a5fc5cae9", size = 1796682, upload-time = "2025-09-24T13:51:39.233Z" },
]

[[package]]
name = "six"
version = "1.17.0"
source = { registry = "https://pypi.org/simple" }
sdist = { url = "https://files.pythonhosted.org/packages/94/e7/b2c673351809dca68a0e064b6af791aa332cf192da575fd474ed7d6f16a2/six-1.17.0.tar.gz", hash = "sha256:ff70335d468e7eb6ec65b95b99d3a2836546063f63acc5171de367e834932a81", size = 34031, upload-time = "2024-12-04T17:35:28.174Z" }
wheels = [
    { url = "https://files.pythonhosted.org/packages/b7/ce/149a00dd41f10bc29e5921b496af8b574d8413afcd5e30dfa0ed46c2cc5e/six-1.17.0-py2.py3-none-any.whl", hash = "sha256:4721f391ed90541fddacab5acf947aa0d3dc7d27b2e1e8eda2be8970586c3274", size = 11050, upload-time = "2024-12-04T17:35:26.475Z" },
]

[[package]]
name = "tzdata"
version = "2026.3"
source = { registry = "https://pypi.org/simple" }
sdist = { url = "https://files.pythonhosted.org/packages/92/ff/5a28bdfd8c3ebec42564ac7d0e54ca3db65044a9314a97f9564fa7a1e926/tzdata-2026.3.tar.gz", hash = "sha256:4a1518b8993086a7982523e071643f3c0e5f213e75b21318e78bcabfff9d1415", size = 198674, upload-time = "2026-07-10T08:50:37.887Z" }
wheels = [
    { url = "https://files.pythonhosted.org/packages/e5/6d/b53b99a9f2766d095985947a5782f1702cabb129a34f7a802d7197af832f/tzdata-2026.3-py2.py3-none-any.whl", hash = "sha256:dc096730c87af6cab1b171c9d532be840741ff5d459015e7f6947bd7d7e54931", size = 348168, upload-time = "2026-07-10T08:50:36.46Z" },
]
